
Microsoft Visual Studio Solution File, Format Version 12.00
# Visual Studio 2012
Project("{8BC9CEB8-8B4A-11D0-8D11-00A0C91BC942}") = "2DPhysics", "2DPhysics\2DPhysics.vcxproj", "{7351A15F-FCF8-4D4A-A147-3524B8437AB9}"
EndProject
Global
	GlobalSection(SolutionConfigurationPlatforms) = preSolution
		Debug|Win32 = Debug|Win32
		Release|Win32 = Release|Win32
	EndGlobalSection
	GlobalSection(ProjectConfigurationPlatforms) = postSolution
		{7351A15F-FCF8-4D4A-A147-3524B8437AB9}.Debug|Win32.ActiveCfg = Debug|Win32
		{7351A15F-FCF8-4D4A-A147-3524B8437AB9}.Debug|Win32.Build.0 = Debug|Win32
		{7351A15F-FCF8-4D4A-A147-3524B8437AB9}.Release|Win32.ActiveCfg = Release|Win32
		{7351A15F-FCF8-4D4A-A147-3524B8437AB9}.Release|Win32.Build.0 = Release|Win32
	EndGlobalSection
	GlobalSection(SolutionProperties) = preSolution
		HideSolutionNode = FALSE
	EndGlobalSection
EndGlobal
